PODS:
  - AFNetworking (2.2.1):
    - AFNetworking/NSURLConnection (= 2.2.1)
    - AFNetworking/NSURLSession (= 2.2.1)
    - AFNetworking/Reachability (= 2.2.1)
    - AFNetworking/Security (= 2.2.1)
    - AFNetworking/Serialization (= 2.2.1)
    - AFNetworking/UIKit (= 2.2.1)
  - AFNetworking/NSURLConnection (2.2.1):
    - AFNetworking/Reachability
    - AFNetworking/Security
    - AFNetworking/Serialization
  - AFNetworking/NSURLSession (2.2.1):
    - AFNetworking/NSURLConnection
  - AFNetworking/Reachability (2.2.1)
  - AFNetworking/Security (2.2.1)
  - AFNetworking/Serialization (2.2.1)
  - CocoaAsyncSocket (7.3.4)
  - FMDB (2.2):
    - FMDB/standard (= 2.2)
  - FMDB/common (2.2)
  - FMDB/standard (2.2):
    - FMDB/common
  - yajl (2.0.4)

DEPENDENCIES:
  - AFNetworking (~> 2.0)
  - CocoaAsyncSocket (~> 7.3)
  - FMDB (~> 2.0)
  - yajl (~> 2.0)

SPEC CHECKSUMS:
  AFNetworking: 59a0b8e9ecd4e194d64b4967232cd2cc83490113
  CocoaAsyncSocket: f62306fd366dcd81d4fe160e6c296ea872276f41
  FMDB: 0678cab3b024ea6a2e6ea5dd91fc8eb9a296bf57
  yajl: 1597676af793b78d195deb0432afdf9746c0bdcd

COCOAPODS: 0.37.2
