PODS:
  - AFNetworking (2.2.1):
    - AFNetworking/NSURLConnection
    - AFNetworking/NSURLSession
    - AFNetworking/Reachability
    - AFNetworking/Security
    - AFNetworking/Serialization
    - AFNetworking/UIKit
  - AFNetworking/NSURLConnection (2.2.1):
    - AFNetworking/Reachability
    - AFNetworking/Security
    - AFNetworking/Serialization
  - AFNetworking/NSURLSession (2.2.1):
    - AFNetworking/NSURLConnection
  - AFNetworking/Reachability (2.2.1)
  - AFNetworking/Security (2.2.1)
  - AFNetworking/Serialization (2.2.1)
  - CocoaAsyncSocket (7.3.4)
  - FMDB (2.2):
    - FMDB/standard
  - FMDB/common (2.2)
  - FMDB/standard (2.2):
    - FMDB/common
  - yajl (2.0.4)

DEPENDENCIES:
  - AFNetworking (~> 2.0)
  - CocoaAsyncSocket (~> 7.3)
  - FMDB (~> 2.0)
  - yajl (~> 2.0)

SPEC CHECKSUMS:
  AFNetworking: 8dde8c8a6597ad95dac332a593c27e541bc87371
  CocoaAsyncSocket: 6607a16a17ce52c792840e212a6ad07729692765
  FMDB: f6f4511ad1e9ace38e9b6f4d83c2cddaabf98ea6
  yajl: c4052d8bf443c1959713604fb4bc508b908ad03d

COCOAPODS: 0.33.1
